{
  "name": "DEVPRO",
  "lockfileVersion": 2,
  "requires": true,
  "packages": {
    "": {
      "dependencies": {
        "stringutils": "^0.0.1"
      }
    },
    "node_modules/stringutils": {
      "version": "0.0.1",
      "resolved": "https://registry.npmjs.org/stringutils/-/stringutils-0.0.1.tgz",
      "integrity": "sha512-lHHWuhIPsv64rn30AtBo6Le7nJQqauklwVNZXOyWNHg0EcOY7h7GXLOGboI3jZBftjAZxFeXQEtVqDU46eKadQ=="
    }
  },
  "dependencies": {
    "stringutils": {
      "version": "0.0.1",
      "resolved": "https://registry.npmjs.org/stringutils/-/stringutils-0.0.1.tgz",
      "integrity": "sha512-lHHWuhIPsv64rn30AtBo6Le7nJQqauklwVNZXOyWNHg0EcOY7h7GXLOGboI3jZBftjAZxFeXQEtVqDU46eKadQ=="
    }
  }
}
